// !$*UTF8*$!
{
	archiveVersion = 1;
	classes = {
	};
	objectVersion = 77;
	objects = {

/* Begin PBXBuildFile section */
		C36ED3642EC4E25900122D81 /* SwiftUINavigation in Frameworks */ = {isa = PBXBuildFile; productRef = C36ED3632EC4E25900122D81 /* SwiftUINavigation */; };
		C36ED3672EC4E28400122D81 /* Sharing in Frameworks */ = {isa = PBXBuildFile; productRef = C36ED3662EC4E28400122D81 /* Sharing */; };
		C36ED36A2EC4E35E00122D81 /* Dependencies in Frameworks */ = {isa = PBXBuildFile; productRef = C36ED3692EC4E35E00122D81 /* Dependencies */; };
		C36ED36D2EC4E3A100122D81 /* SQLiteData in Frameworks */ = {isa = PBXBuildFile; productRef = C36ED36C2EC4E3A100122D81 /* SQLiteData */; };
/* End PBXBuildFile section */

/* Begin PBXContainerItemProxy section */
		C33968662E9C476200E21112 /* PBXContainerItemProxy */ = {
			isa = PBXContainerItemProxy;
			containerPortal = C33968502E9C476000E21112 /* Project object */;
			proxyType = 1;
			remoteGlobalIDString = C33968572E9C476000E21112;
			remoteInfo = ios;
		};
/* End PBXContainerItemProxy section */

/* Begin PBXFileReference section */
		C33968582E9C476000E21112 /* ios.app */ = {isa = PBXFileReference; explicitFileType = wrapper.application; includeInIndex = 0; path = ios.app; sourceTree = BUILT_PRODUCTS_DIR; };
		C33968652E9C476200E21112 /* iosTests.xctest */ = {isa = PBXFileReference; explicitFileType = wrapper.cfbundle; includeInIndex = 0; path = iosTests.xctest; sourceTree = BUILT_PRODUCTS_DIR; };
		C33968FA2E9C4EC700E21112 /* AGENTS.md */ = {isa = PBXFileReference; lastKnownFileType = net.daringfireball.markdown; path = AGENTS.md; sourceTree = "<group>"; };
/* End PBXFileReference section */

/* Begin PBXFileSystemSynchronizedBuildFileExceptionSet section */
		C37A01EB2EC4F65C00065F80 /* Exceptions for "ios" folder in "ios" target */ = {
			isa = PBXFileSystemSynchronizedBuildFileExceptionSet;
			membershipExceptions = (
				Resources/Config/Development.xcconfig,
				Resources/Config/Production.xcconfig,
				Resources/Config/Staging.xcconfig,
			);
			target = C33968572E9C476000E21112 /* ios */;
		};
/* End PBXFileSystemSynchronizedBuildFileExceptionSet section */

/* Begin PBXFileSystemSynchronizedRootGroup section */
		C339685A2E9C476000E21112 /* ios */ = {
			isa = PBXFileSystemSynchronizedRootGroup;
			exceptions = (
				C37A01EB2EC4F65C00065F80 /* Exceptions for "ios" folder in "ios" target */,
			);
			path = ios;
			sourceTree = "<group>";
		};
		C33968682E9C476200E21112 /* iosTests */ = {
			isa = PBXFileSystemSynchronizedRootGroup;
			path = iosTests;
			sourceTree = "<group>";
		};
/* End PBXFileSystemSynchronizedRootGroup section */

/* Begin PBXFrameworksBuildPhase section */
		C33968552E9C476000E21112 /* Frameworks */ = {
			isa = PBXFrameworksBuildPhase;
			buildActionMask = 2147483647;
			files = (
				C36ED36A2EC4E35E00122D81 /* Dependencies in Frameworks */,
				C36ED3642EC4E25900122D81 /* SwiftUINavigation in Frameworks */,
				C36ED36D2EC4E3A100122D81 /* SQLiteData in Frameworks */,
				C36ED3672EC4E28400122D81 /* Sharing in Frameworks */,
			);
			runOnlyForDeploymentPostprocessing = 0;
		};
		C33968622E9C476200E21112 /* Frameworks */ = {
			isa = PBXFrameworksBuildPhase;
			buildActionMask = 2147483647;
			files = (
			);
			runOnlyForDeploymentPostprocessing = 0;
		};
/* End PBXFrameworksBuildPhase section */

/* Begin PBXGroup section */
		C339684F2E9C476000E21112 = {
			isa = PBXGroup;
			children = (
				C33968FA2E9C4EC700E21112 /* AGENTS.md */,
				C339685A2E9C476000E21112 /* ios */,
				C33968682E9C476200E21112 /* iosTests */,
				C33968592E9C476000E21112 /* Products */,
			);
			sourceTree = "<group>";
		};
		C33968592E9C476000E21112 /* Products */ = {
			isa = PBXGroup;
			children = (
				C33968582E9C476000E21112 /* ios.app */,
				C33968652E9C476200E21112 /* iosTests.xctest */,
			);
			name = Products;
			sourceTree = "<group>";
		};
/* End PBXGroup section */

/* Begin PBXNativeTarget section */
		C33968572E9C476000E21112 /* ios */ = {
			isa = PBXNativeTarget;
			buildConfigurationList = C33968792E9C476200E21112 /* Build configuration list for PBXNativeTarget "ios" */;
			buildPhases = (
				C33968542E9C476000E21112 /* Sources */,
				C33968552E9C476000E21112 /* Frameworks */,
				C33968562E9C476000E21112 /* Resources */,
			);
			buildRules = (
			);
			dependencies = (
			);
			fileSystemSynchronizedGroups = (
				C339685A2E9C476000E21112 /* ios */,
			);
			name = ios;
			packageProductDependencies = (
				C36ED3632EC4E25900122D81 /* SwiftUINavigation */,
				C36ED3662EC4E28400122D81 /* Sharing */,
				C36ED3692EC4E35E00122D81 /* Dependencies */,
				C36ED36C2EC4E3A100122D81 /* SQLiteData */,
			);
			productName = ios;
			productReference = C33968582E9C476000E21112 /* ios.app */;
			productType = "com.apple.product-type.application";
		};
		C33968642E9C476200E21112 /* iosTests */ = {
			isa = PBXNativeTarget;
			buildConfigurationList = C339687C2E9C476200E21112 /* Build configuration list for PBXNativeTarget "iosTests" */;
			buildPhases = (
				C33968612E9C476200E21112 /* Sources */,
				C33968622E9C476200E21112 /* Frameworks */,
				C33968632E9C476200E21112 /* Resources */,
			);
			buildRules = (
			);
			dependencies = (
				C33968672E9C476200E21112 /* PBXTargetDependency */,
			);
			fileSystemSynchronizedGroups = (
				C33968682E9C476200E21112 /* iosTests */,
			);
			name = iosTests;
			packageProductDependencies = (
			);
			productName = iosTests;
			productReference = C33968652E9C476200E21112 /* iosTests.xctest */;
			productType = "com.apple.product-type.bundle.unit-test";
		};
/* End PBXNativeTarget section */

/* Begin PBXProject section */
		C33968502E9C476000E21112 /* Project object */ = {
			isa = PBXProject;
			attributes = {
				BuildIndependentTargetsInParallel = 1;
				LastSwiftUpdateCheck = 2600;
				LastUpgradeCheck = 2610;
				TargetAttributes = {
					C33968572E9C476000E21112 = {
						CreatedOnToolsVersion = 26.0;
					};
					C33968642E9C476200E21112 = {
						CreatedOnToolsVersion = 26.0;
						TestTargetID = C33968572E9C476000E21112;
					};
				};
			};
			buildConfigurationList = C33968532E9C476000E21112 /* Build configuration list for PBXProject "ios" */;
			developmentRegion = en;
			hasScannedForEncodings = 0;
			knownRegions = (
				en,
				Base,
			);
			mainGroup = C339684F2E9C476000E21112;
			minimizedProjectReferenceProxies = 1;
			packageReferences = (
				C36ED3622EC4E25900122D81 /* XCRemoteSwiftPackageReference "swift-navigation" */,
				C36ED3652EC4E28400122D81 /* XCRemoteSwiftPackageReference "swift-sharing" */,
				C36ED3682EC4E35E00122D81 /* XCRemoteSwiftPackageReference "swift-dependencies" */,
				C36ED36B2EC4E3A100122D81 /* XCRemoteSwiftPackageReference "sqlite-data" */,
			);
			preferredProjectObjectVersion = 77;
			productRefGroup = C33968592E9C476000E21112 /* Products */;
			projectDirPath = "";
			projectRoot = "";
			targets = (
				C33968572E9C476000E21112 /* ios */,
				C33968642E9C476200E21112 /* iosTests */,
			);
		};
/* End PBXProject section */

/* Begin PBXResourcesBuildPhase section */
		C33968562E9C476000E21112 /* Resources */ = {
			isa = PBXResourcesBuildPhase;
			buildActionMask = 2147483647;
			files = (
			);
			runOnlyForDeploymentPostprocessing = 0;
		};
		C33968632E9C476200E21112 /* Resources */ = {
			isa = PBXResourcesBuildPhase;
			buildActionMask = 2147483647;
			files = (
			);
			runOnlyForDeploymentPostprocessing = 0;
		};
/* End PBXResourcesBuildPhase section */

/* Begin PBXSourcesBuildPhase section */
		C33968542E9C476000E21112 /* Sources */ = {
			isa = PBXSourcesBuildPhase;
			buildActionMask = 2147483647;
			files = (
			);
			runOnlyForDeploymentPostprocessing = 0;
		};
		C33968612E9C476200E21112 /* Sources */ = {
			isa = PBXSourcesBuildPhase;
			buildActionMask = 2147483647;
			files = (
			);
			runOnlyForDeploymentPostprocessing = 0;
		};
/* End PBXSourcesBuildPhase section */

/* Begin PBXTargetDependency section */
		C33968672E9C476200E21112 /* PBXTargetDependency */ = {
			isa = PBXTargetDependency;
			target = C33968572E9C476000E21112 /* ios */;
			targetProxy = C33968662E9C476200E21112 /* PBXContainerItemProxy */;
		};
/* End PBXTargetDependency section */

/* Begin XCBuildConfiguration section */
		C33968772E9C476200E21112 /* Debug */ = {
			isa = XCBuildConfiguration;
			buildSettings = {
				ALWAYS_SEARCH_USER_PATHS = NO;
				ASSETCATALOG_COMPILER_GENERATE_SWIFT_ASSET_SYMBOL_EXTENSIONS = YES;
				CLANG_ANALYZER_NONNULL = YES;
				CLANG_ANALYZER_NUMBER_OBJECT_CONVERSION = YES_AGGRESSIVE;
				CLANG_CXX_LANGUAGE_STANDARD = "gnu++20";
				CLANG_ENABLE_MODULES = YES;
				CLANG_ENABLE_OBJC_ARC = YES;
				CLANG_ENABLE_OBJC_WEAK = YES;
				CLANG_WARN_BLOCK_CAPTURE_AUTORELEASING = YES;
				CLANG_WARN_BOOL_CONVERSION = YES;
				CLANG_WARN_COMMA = YES;
				CLANG_WARN_CONSTANT_CONVERSION = YES;
				CLANG_WARN_DEPRECATED_OBJC_IMPLEMENTATIONS = YES;
				CLANG_WARN_DIRECT_OBJC_ISA_USAGE = YES_ERROR;
				CLANG_WARN_DOCUMENTATION_COMMENTS = YES;
				CLANG_WARN_EMPTY_BODY = YES;
				CLANG_WARN_ENUM_CONVERSION = YES;
				CLANG_WARN_INFINITE_RECURSION = YES;
				CLANG_WARN_INT_CONVERSION = YES;
				CLANG_WARN_NON_LITERAL_NULL_CONVERSION = YES;
				CLANG_WARN_OBJC_IMPLICIT_RETAIN_SELF = YES;
				CLANG_WARN_OBJC_LITERAL_CONVERSION = YES;
				CLANG_WARN_OBJC_ROOT_CLASS = YES_ERROR;
				CLANG_WARN_QUOTED_INCLUDE_IN_FRAMEWORK_HEADER = YES;
				CLANG_WARN_RANGE_LOOP_ANALYSIS = YES;
				CLANG_WARN_STRICT_PROTOTYPES = YES;
				CLANG_WARN_SUSPICIOUS_MOVE = YES;
				CLANG_WARN_UNGUARDED_AVAILABILITY = YES_AGGRESSIVE;
				CLANG_WARN_UNREACHABLE_CODE = YES;
				CLANG_WARN__DUPLICATE_METHOD_MATCH = YES;
				COPY_PHASE_STRIP = NO;
				DEBUG_INFORMATION_FORMAT = dwarf;
				DEVELOPMENT_TEAM = 2262CQKPZT;
				ENABLE_STRICT_OBJC_MSGSEND = YES;
				ENABLE_TESTABILITY = YES;
				ENABLE_USER_SCRIPT_SANDBOXING = YES;
				GCC_C_LANGUAGE_STANDARD = gnu17;
				GCC_DYNAMIC_NO_PIC = NO;
				GCC_NO_COMMON_BLOCKS = YES;
				GCC_OPTIMIZATION_LEVEL = 0;
				GCC_PREPROCESSOR_DEFINITIONS = (
					"DEBUG=1",
					"$(inherited)",
				);
				GCC_WARN_64_TO_32_BIT_CONVERSION = YES;
				GCC_WARN_ABOUT_RETURN_TYPE = YES_ERROR;
				GCC_WARN_UNDECLARED_SELECTOR = YES;
				GCC_WARN_UNINITIALIZED_AUTOS = YES_AGGRESSIVE;
				GCC_WARN_UNUSED_FUNCTION = YES;
				GCC_WARN_UNUSED_VARIABLE = YES;
				IPHONEOS_DEPLOYMENT_TARGET = 26.0;
				LOCALIZATION_PREFERS_STRING_CATALOGS = YES;
				MTL_ENABLE_DEBUG_INFO = INCLUDE_SOURCE;
				MTL_FAST_MATH = YES;
				ONLY_ACTIVE_ARCH = YES;
				SDKROOT = iphoneos;
				STRING_CATALOG_GENERATE_SYMBOLS = YES;
				SWIFT_ACTIVE_COMPILATION_CONDITIONS = "DEBUG $(inherited)";
				SWIFT_DEFAULT_ACTOR_ISOLATION = MainActor;
				SWIFT_OPTIMIZATION_LEVEL = "-Onone";
				SWIFT_STRICT_CONCURRENCY = complete;
			};
			name = Debug;
		};
		C33968782E9C476200E21112 /* Release */ = {
			isa = XCBuildConfiguration;
			buildSettings = {
				ALWAYS_SEARCH_USER_PATHS = NO;
				ASSETCATALOG_COMPILER_GENERATE_SWIFT_ASSET_SYMBOL_EXTENSIONS = YES;
				CLANG_ANALYZER_NONNULL = YES;
				CLANG_ANALYZER_NUMBER_OBJECT_CONVERSION = YES_AGGRESSIVE;
				CLANG_CXX_LANGUAGE_STANDARD = "gnu++20";
				CLANG_ENABLE_MODULES = YES;
				CLANG_ENABLE_OBJC_ARC = YES;
				CLANG_ENABLE_OBJC_WEAK = YES;
				CLANG_WARN_BLOCK_CAPTURE_AUTORELEASING = YES;
				CLANG_WARN_BOOL_CONVERSION = YES;
				CLANG_WARN_COMMA = YES;
				CLANG_WARN_CONSTANT_CONVERSION = YES;
				CLANG_WARN_DEPRECATED_OBJC_IMPLEMENTATIONS = YES;
				CLANG_WARN_DIRECT_OBJC_ISA_USAGE = YES_ERROR;
				CLANG_WARN_DOCUMENTATION_COMMENTS = YES;
				CLANG_WARN_EMPTY_BODY = YES;
				CLANG_WARN_ENUM_CONVERSION = YES;
				CLANG_WARN_INFINITE_RECURSION = YES;
				CLANG_WARN_INT_CONVERSION = YES;
				CLANG_WARN_NON_LITERAL_NULL_CONVERSION = YES;
				CLANG_WARN_OBJC_IMPLICIT_RETAIN_SELF = YES;
				CLANG_WARN_OBJC_LITERAL_CONVERSION = YES;
				CLANG_WARN_OBJC_ROOT_CLASS = YES_ERROR;
				CLANG_WARN_QUOTED_INCLUDE_IN_FRAMEWORK_HEADER = YES;
				CLANG_WARN_RANGE_LOOP_ANALYSIS = YES;
				CLANG_WARN_STRICT_PROTOTYPES = YES;
				CLANG_WARN_SUSPICIOUS_MOVE = YES;
				CLANG_WARN_UNGUARDED_AVAILABILITY = YES_AGGRESSIVE;
				CLANG_WARN_UNREACHABLE_CODE = YES;
				CLANG_WARN__DUPLICATE_METHOD_MATCH = YES;
				COPY_PHASE_STRIP = NO;
				DEBUG_INFORMATION_FORMAT = "dwarf-with-dsym";
				DEVELOPMENT_TEAM = 2262CQKPZT;
				ENABLE_NS_ASSERTIONS = NO;
				ENABLE_STRICT_OBJC_MSGSEND = YES;
				ENABLE_USER_SCRIPT_SANDBOXING = YES;
				GCC_C_LANGUAGE_STANDARD = gnu17;
				GCC_NO_COMMON_BLOCKS = YES;
				GCC_WARN_64_TO_32_BIT_CONVERSION = YES;
				GCC_WARN_ABOUT_RETURN_TYPE = YES_ERROR;
				GCC_WARN_UNDECLARED_SELECTOR = YES;
				GCC_WARN_UNINITIALIZED_AUTOS = YES_AGGRESSIVE;
				GCC_WARN_UNUSED_FUNCTION = YES;
				GCC_WARN_UNUSED_VARIABLE = YES;
				IPHONEOS_DEPLOYMENT_TARGET = 26.0;
				LOCALIZATION_PREFERS_STRING_CATALOGS = YES;
				MTL_ENABLE_DEBUG_INFO = NO;
				MTL_FAST_MATH = YES;
				SDKROOT = iphoneos;
				STRING_CATALOG_GENERATE_SYMBOLS = YES;
				SWIFT_COMPILATION_MODE = wholemodule;
				SWIFT_DEFAULT_ACTOR_ISOLATION = MainActor;
				SWIFT_STRICT_CONCURRENCY = complete;
				VALIDATE_PRODUCT = YES;
			};
			name = Release;
		};
		C339687A2E9C476200E21112 /* Debug */ = {
			isa = XCBuildConfiguration;
			buildSettings = {
				ASSETCATALOG_COMPILER_APPICON_NAME = AppIcon;
				ASSETCATALOG_COMPILER_GLOBAL_ACCENT_COLOR_NAME = AccentColor;
				CODE_SIGN_STYLE = Automatic;
				CURRENT_PROJECT_VERSION = 1;
				DEVELOPMENT_TEAM = 2262CQKPZT;
				ENABLE_PREVIEWS = YES;
				EXCLUDED_SOURCE_FILE_NAMES = (
					"*.md",
					.gitkeep,
				);
				GENERATE_INFOPLIST_FILE = YES;
				INFOPLIST_KEY_CFBundleDisplayName = "Kinnect - Control Your Schedule";
				INFOPLIST_KEY_LSApplicationCategoryType = "public.app-category.productivity";
				INFOPLIST_KEY_UIApplicationSceneManifest_Generation = YES;
				INFOPLIST_KEY_UIApplicationSupportsIndirectInputEvents = YES;
				INFOPLIST_KEY_UILaunchScreen_Generation = YES;
				INFOPLIST_KEY_UISupportedInterfaceOrientations_iPad = "UIInterfaceOrientationPortrait UIInterfaceOrientationPortraitUpsideDown UIInterfaceOrientationLandscapeLeft UIInterfaceOrientationLandscapeRight";
				INFOPLIST_KEY_UISupportedInterfaceOrientations_iPhone = "UIInterfaceOrientationPortrait UIInterfaceOrientationLandscapeLeft UIInterfaceOrientationLandscapeRight";
				IPHONEOS_DEPLOYMENT_TARGET = 26.0;
				LD_RUNPATH_SEARCH_PATHS = (
					"$(inherited)",
					"@executable_path/Frameworks",
				);
				MARKETING_VERSION = 1.0;
				PRODUCT_BUNDLE_IDENTIFIER = com.blacksapps.kinnect.ios;
				PRODUCT_NAME = "$(TARGET_NAME)";
				STRING_CATALOG_GENERATE_SYMBOLS = YES;
				SWIFT_APPROACHABLE_CONCURRENCY = YES;
				SWIFT_DEFAULT_ACTOR_ISOLATION = MainActor;
				SWIFT_EMIT_LOC_STRINGS = YES;
				SWIFT_UPCOMING_FEATURE_MEMBER_IMPORT_VISIBILITY = YES;
				SWIFT_VERSION = 6.0;
				TARGETED_DEVICE_FAMILY = "1,2";
			};
			name = Debug;
		};
		C339687B2E9C476200E21112 /* Release */ = {
			isa = XCBuildConfiguration;
			buildSettings = {
				ASSETCATALOG_COMPILER_APPICON_NAME = AppIcon;
				ASSETCATALOG_COMPILER_GLOBAL_ACCENT_COLOR_NAME = AccentColor;
				CODE_SIGN_STYLE = Automatic;
				CURRENT_PROJECT_VERSION = 1;
				DEVELOPMENT_TEAM = 2262CQKPZT;
				ENABLE_PREVIEWS = YES;
				EXCLUDED_SOURCE_FILE_NAMES = (
					"*.md",
					.gitkeep,
				);
				GENERATE_INFOPLIST_FILE = YES;
				INFOPLIST_KEY_CFBundleDisplayName = "Kinnect - Control Your Schedule";
				INFOPLIST_KEY_LSApplicationCategoryType = "public.app-category.productivity";
				INFOPLIST_KEY_UIApplicationSceneManifest_Generation = YES;
				INFOPLIST_KEY_UIApplicationSupportsIndirectInputEvents = YES;
				INFOPLIST_KEY_UILaunchScreen_Generation = YES;
				INFOPLIST_KEY_UISupportedInterfaceOrientations_iPad = "UIInterfaceOrientationPortrait UIInterfaceOrientationPortraitUpsideDown UIInterfaceOrientationLandscapeLeft UIInterfaceOrientationLandscapeRight";
				INFOPLIST_KEY_UISupportedInterfaceOrientations_iPhone = "UIInterfaceOrientationPortrait UIInterfaceOrientationLandscapeLeft UIInterfaceOrientationLandscapeRight";
				IPHONEOS_DEPLOYMENT_TARGET = 26.0;
				LD_RUNPATH_SEARCH_PATHS = (
					"$(inherited)",
					"@executable_path/Frameworks",
				);
				MARKETING_VERSION = 1.0;
				PRODUCT_BUNDLE_IDENTIFIER = com.blacksapps.kinnect.ios;
				PRODUCT_NAME = "$(TARGET_NAME)";
				STRING_CATALOG_GENERATE_SYMBOLS = YES;
				SWIFT_APPROACHABLE_CONCURRENCY = YES;
				SWIFT_DEFAULT_ACTOR_ISOLATION = MainActor;
				SWIFT_EMIT_LOC_STRINGS = YES;
				SWIFT_UPCOMING_FEATURE_MEMBER_IMPORT_VISIBILITY = YES;
				SWIFT_VERSION = 6.0;
				TARGETED_DEVICE_FAMILY = "1,2";
			};
			name = Release;
		};
		C339687D2E9C476200E21112 /* Debug */ = {
			isa = XCBuildConfiguration;
			buildSettings = {
				BUNDLE_LOADER = "$(TEST_HOST)";
				CODE_SIGN_STYLE = Automatic;
				CURRENT_PROJECT_VERSION = 1;
				DEVELOPMENT_TEAM = 2262CQKPZT;
				GENERATE_INFOPLIST_FILE = YES;
				IPHONEOS_DEPLOYMENT_TARGET = 26.0;
				MARKETING_VERSION = 1.0;
				PRODUCT_BUNDLE_IDENTIFIER = com.blacksapps.kinnect.iosTests;
				PRODUCT_NAME = "$(TARGET_NAME)";
				STRING_CATALOG_GENERATE_SYMBOLS = NO;
				SWIFT_APPROACHABLE_CONCURRENCY = YES;
				SWIFT_EMIT_LOC_STRINGS = NO;
				SWIFT_UPCOMING_FEATURE_MEMBER_IMPORT_VISIBILITY = YES;
				SWIFT_VERSION = 6.0;
				TARGETED_DEVICE_FAMILY = "1,2";
				TEST_HOST = "$(BUILT_PRODUCTS_DIR)/ios.app/$(BUNDLE_EXECUTABLE_FOLDER_PATH)/ios";
			};
			name = Debug;
		};
		C339687E2E9C476200E21112 /* Release */ = {
			isa = XCBuildConfiguration;
			buildSettings = {
				BUNDLE_LOADER = "$(TEST_HOST)";
				CODE_SIGN_STYLE = Automatic;
				CURRENT_PROJECT_VERSION = 1;
				DEVELOPMENT_TEAM = 2262CQKPZT;
				GENERATE_INFOPLIST_FILE = YES;
				IPHONEOS_DEPLOYMENT_TARGET = 26.0;
				MARKETING_VERSION = 1.0;
				PRODUCT_BUNDLE_IDENTIFIER = com.blacksapps.kinnect.iosTests;
				PRODUCT_NAME = "$(TARGET_NAME)";
				STRING_CATALOG_GENERATE_SYMBOLS = NO;
				SWIFT_APPROACHABLE_CONCURRENCY = YES;
				SWIFT_EMIT_LOC_STRINGS = NO;
				SWIFT_UPCOMING_FEATURE_MEMBER_IMPORT_VISIBILITY = YES;
				SWIFT_VERSION = 6.0;
				TARGETED_DEVICE_FAMILY = "1,2";
				TEST_HOST = "$(BUILT_PRODUCTS_DIR)/ios.app/$(BUNDLE_EXECUTABLE_FOLDER_PATH)/ios";
			};
			name = Release;
		};
/* End XCBuildConfiguration section */

/* Begin XCConfigurationList section */
		C33968532E9C476000E21112 /* Build configuration list for PBXProject "ios" */ = {
			isa = XCConfigurationList;
			buildConfigurations = (
				C33968772E9C476200E21112 /* Debug */,
				C33968782E9C476200E21112 /* Release */,
			);
			defaultConfigurationIsVisible = 0;
			defaultConfigurationName = Release;
		};
		C33968792E9C476200E21112 /* Build configuration list for PBXNativeTarget "ios" */ = {
			isa = XCConfigurationList;
			buildConfigurations = (
				C339687A2E9C476200E21112 /* Debug */,
				C339687B2E9C476200E21112 /* Release */,
			);
			defaultConfigurationIsVisible = 0;
			defaultConfigurationName = Release;
		};
		C339687C2E9C476200E21112 /* Build configuration list for PBXNativeTarget "iosTests" */ = {
			isa = XCConfigurationList;
			buildConfigurations = (
				C339687D2E9C476200E21112 /* Debug */,
				C339687E2E9C476200E21112 /* Release */,
			);
			defaultConfigurationIsVisible = 0;
			defaultConfigurationName = Release;
		};
/* End XCConfigurationList section */

/* Begin XCRemoteSwiftPackageReference section */
		C36ED3622EC4E25900122D81 /* XCRemoteSwiftPackageReference "swift-navigation" */ = {
			isa = XCRemoteSwiftPackageReference;
			repositoryURL = "https://github.com/pointfreeco/swift-navigation.git";
			requirement = {
				kind = upToNextMinorVersion;
				minimumVersion = 2.6.0;
			};
		};
		C36ED3652EC4E28400122D81 /* XCRemoteSwiftPackageReference "swift-sharing" */ = {
			isa = XCRemoteSwiftPackageReference;
			repositoryURL = "https://github.com/pointfreeco/swift-sharing.git";
			requirement = {
				kind = upToNextMinorVersion;
				minimumVersion = 2.7.4;
			};
		};
		C36ED3682EC4E35E00122D81 /* XCRemoteSwiftPackageReference "swift-dependencies" */ = {
			isa = XCRemoteSwiftPackageReference;
			repositoryURL = "https://github.com/pointfreeco/swift-dependencies.git";
			requirement = {
				kind = upToNextMinorVersion;
				minimumVersion = 1.10.0;
			};
		};
		C36ED36B2EC4E3A100122D81 /* XCRemoteSwiftPackageReference "sqlite-data" */ = {
			isa = XCRemoteSwiftPackageReference;
			repositoryURL = "https://github.com/pointfreeco/sqlite-data.git";
			requirement = {
				kind = upToNextMinorVersion;
				minimumVersion = 1.3.0;
			};
		};
/* End XCRemoteSwiftPackageReference section */

/* Begin XCSwiftPackageProductDependency section */
		C36ED3632EC4E25900122D81 /* SwiftUINavigation */ = {
			isa = XCSwiftPackageProductDependency;
			package = C36ED3622EC4E25900122D81 /* XCRemoteSwiftPackageReference "swift-navigation" */;
			productName = SwiftUINavigation;
		};
		C36ED3662EC4E28400122D81 /* Sharing */ = {
			isa = XCSwiftPackageProductDependency;
			package = C36ED3652EC4E28400122D81 /* XCRemoteSwiftPackageReference "swift-sharing" */;
			productName = Sharing;
		};
		C36ED3692EC4E35E00122D81 /* Dependencies */ = {
			isa = XCSwiftPackageProductDependency;
			package = C36ED3682EC4E35E00122D81 /* XCRemoteSwiftPackageReference "swift-dependencies" */;
			productName = Dependencies;
		};
		C36ED36C2EC4E3A100122D81 /* SQLiteData */ = {
			isa = XCSwiftPackageProductDependency;
			package = C36ED36B2EC4E3A100122D81 /* XCRemoteSwiftPackageReference "sqlite-data" */;
			productName = SQLiteData;
		};
/* End XCSwiftPackageProductDependency section */
	};
	rootObject = C33968502E9C476000E21112 /* Project object */;
}
